
Microsoft Visual Studio Solution File, Format Version 12.00
# Visual Studio Version 16
VisualStudioVersion = 16.0.30002.166
MinimumVisualStudioVersion = 10.0.40219.1
Project("{FAE04EC0-301F-11D3-BF4B-00C04F79EFBC}") = "000_SettingEnvironment", "000_SettingEnvironment\000_SettingEnvironment.csproj", "{B3D22073-9B5A-4FA8-8150-74F15D9741CA}"
EndProject
Project("{FAE04EC0-301F-11D3-BF4B-00C04F79EFBC}") = "001_InitGL", "InitGL\001_InitGL.csproj", "{ECC3AC30-E962-4A97-9A79-BCE115F0A102}"
EndProject
Project("{FAE04EC0-301F-11D3-BF4B-00C04F79EFBC}") = "002_Shader", "002_SimpleShader\002_Shader.csproj", "{989BD561-8FEA-4602-923F-DD0C76F6A504}"
EndProject
Project("{FAE04EC0-301F-11D3-BF4B-00C04F79EFBC}") = "003_CoolColorTriangle", "003_CoolColorTriangle\003_CoolColorTriangle.csproj", "{6F3F037B-F2A7-4404-80BC-6EDF6E085511}"
EndProject
Project("{FAE04EC0-301F-11D3-BF4B-00C04F79EFBC}") = "004_ColorCube", "004_ColorCube\004_ColorCube.csproj", "{BF684154-82B3-4191-A9A4-A89DA77175E6}"
EndProject
Project("{FAE04EC0-301F-11D3-BF4B-00C04F79EFBC}") = "005_Transformation", "005_Transformation\005_Transformation.csproj", "{E9FA6200-B4D2-42E0-B162-6C888FCA7B57}"
EndProject
Project("{FAE04EC0-301F-11D3-BF4B-00C04F79EFBC}") = "999_Test", "999_Test\999_Test.csproj", "{1479AFFA-6848-4FFC-88CE-D59F0BD81F94}"
EndProject
Project("{FAE04EC0-301F-11D3-BF4B-00C04F79EFBC}") = "900_CommonModule", "900_CommonModule\900_CommonModule.csproj", "{24B2649D-6A64-4985-B484-0B1F96BF9A1E}"
EndProject
Global
	GlobalSection(SolutionConfigurationPlatforms) = preSolution
		Debug|Any CPU = Debug|Any CPU
		Release|Any CPU = Release|Any CPU
	EndGlobalSection
	GlobalSection(ProjectConfigurationPlatforms) = postSolution
		{B3D22073-9B5A-4FA8-8150-74F15D9741CA}.Debug|Any CPU.ActiveCfg = Debug|Any CPU
		{B3D22073-9B5A-4FA8-8150-74F15D9741CA}.Debug|Any CPU.Build.0 = Debug|Any CPU
		{B3D22073-9B5A-4FA8-8150-74F15D9741CA}.Release|Any CPU.ActiveCfg = Release|Any CPU
		{B3D22073-9B5A-4FA8-8150-74F15D9741CA}.Release|Any CPU.Build.0 = Release|Any CPU
		{ECC3AC30-E962-4A97-9A79-BCE115F0A102}.Debug|Any CPU.ActiveCfg = Debug|Any CPU
		{ECC3AC30-E962-4A97-9A79-BCE115F0A102}.Debug|Any CPU.Build.0 = Debug|Any CPU
		{ECC3AC30-E962-4A97-9A79-BCE115F0A102}.Release|Any CPU.ActiveCfg = Release|Any CPU
		{ECC3AC30-E962-4A97-9A79-BCE115F0A102}.Release|Any CPU.Build.0 = Release|Any CPU
		{989BD561-8FEA-4602-923F-DD0C76F6A504}.Debug|Any CPU.ActiveCfg = Debug|Any CPU
		{989BD561-8FEA-4602-923F-DD0C76F6A504}.Debug|Any CPU.Build.0 = Debug|Any CPU
		{989BD561-8FEA-4602-923F-DD0C76F6A504}.Release|Any CPU.ActiveCfg = Release|Any CPU
		{989BD561-8FEA-4602-923F-DD0C76F6A504}.Release|Any CPU.Build.0 = Release|Any CPU
		{6F3F037B-F2A7-4404-80BC-6EDF6E085511}.Debug|Any CPU.ActiveCfg = Debug|Any CPU
		{6F3F037B-F2A7-4404-80BC-6EDF6E085511}.Debug|Any CPU.Build.0 = Debug|Any CPU
		{6F3F037B-F2A7-4404-80BC-6EDF6E085511}.Release|Any CPU.ActiveCfg = Release|Any CPU
		{6F3F037B-F2A7-4404-80BC-6EDF6E085511}.Release|Any CPU.Build.0 = Release|Any CPU
		{BF684154-82B3-4191-A9A4-A89DA77175E6}.Debug|Any CPU.ActiveCfg = Debug|Any CPU
		{BF684154-82B3-4191-A9A4-A89DA77175E6}.Debug|Any CPU.Build.0 = Debug|Any CPU
		{BF684154-82B3-4191-A9A4-A89DA77175E6}.Release|Any CPU.ActiveCfg = Release|Any CPU
		{BF684154-82B3-4191-A9A4-A89DA77175E6}.Release|Any CPU.Build.0 = Release|Any CPU
		{E9FA6200-B4D2-42E0-B162-6C888FCA7B57}.Debug|Any CPU.ActiveCfg = Debug|Any CPU
		{E9FA6200-B4D2-42E0-B162-6C888FCA7B57}.Debug|Any CPU.Build.0 = Debug|Any CPU
		{E9FA6200-B4D2-42E0-B162-6C888FCA7B57}.Release|Any CPU.ActiveCfg = Release|Any CPU
		{E9FA6200-B4D2-42E0-B162-6C888FCA7B57}.Release|Any CPU.Build.0 = Release|Any CPU
		{1479AFFA-6848-4FFC-88CE-D59F0BD81F94}.Debug|Any CPU.ActiveCfg = Debug|Any CPU
		{1479AFFA-6848-4FFC-88CE-D59F0BD81F94}.Debug|Any CPU.Build.0 = Debug|Any CPU
		{1479AFFA-6848-4FFC-88CE-D59F0BD81F94}.Release|Any CPU.ActiveCfg = Release|Any CPU
		{1479AFFA-6848-4FFC-88CE-D59F0BD81F94}.Release|Any CPU.Build.0 = Release|Any CPU
		{24B2649D-6A64-4985-B484-0B1F96BF9A1E}.Debug|Any CPU.ActiveCfg = Debug|Any CPU
		{24B2649D-6A64-4985-B484-0B1F96BF9A1E}.Debug|Any CPU.Build.0 = Debug|Any CPU
		{24B2649D-6A64-4985-B484-0B1F96BF9A1E}.Release|Any CPU.ActiveCfg = Release|Any CPU
		{24B2649D-6A64-4985-B484-0B1F96BF9A1E}.Release|Any CPU.Build.0 = Release|Any CPU
	EndGlobalSection
	GlobalSection(SolutionProperties) = preSolution
		HideSolutionNode = FALSE
	EndGlobalSection
	GlobalSection(ExtensibilityGlobals) = postSolution
		SolutionGuid = {F7F34633-8297-41A1-9A98-443D840499F0}
	EndGlobalSection
EndGlobal
