
Microsoft Visual Studio Solution File, Format Version 12.00
# Visual Studio Version 16
VisualStudioVersion = 16.0.30002.166
MinimumVisualStudioVersion = 10.0.40219.1
Project("{FAE04EC0-301F-11D3-BF4B-00C04F79EFBC}") = "Examples", "Examples\Examples.csproj", "{DB94E1AF-8091-4EB0-AC47-8D161FC15498}"
EndProject
Global
	GlobalSection(SolutionConfigurationPlatforms) = preSolution
		Debug|Any CPU = Debug|Any CPU
		Release|Any CPU = Release|Any CPU
	EndGlobalSection
	GlobalSection(ProjectConfigurationPlatforms) = postSolution
		{DB94E1AF-8091-4EB0-AC47-8D161FC15498}.Debug|Any CPU.ActiveCfg = Debug|Any CPU
		{DB94E1AF-8091-4EB0-AC47-8D161FC15498}.Debug|Any CPU.Build.0 = Debug|Any CPU
		{DB94E1AF-8091-4EB0-AC47-8D161FC15498}.Release|Any CPU.ActiveCfg = Release|Any CPU
		{DB94E1AF-8091-4EB0-AC47-8D161FC15498}.Release|Any CPU.Build.0 = Release|Any CPU
	EndGlobalSection
	GlobalSection(SolutionProperties) = preSolution
		HideSolutionNode = FALSE
	EndGlobalSection
	GlobalSection(ExtensibilityGlobals) = postSolution
		SolutionGuid = {F7F34633-8297-41A1-9A98-443D840499F0}
	EndGlobalSection
EndGlobal
